
Microsoft Visual Studio Solution File, Format Version 12.00
# Visual Studio Version 17
VisualStudioVersion = 17.6.33801.468
MinimumVisualStudioVersion = 10.0.40219.1
Project("{FAE04EC0-301F-11D3-BF4B-00C04F79EFBC}") = "WFA231201", "WFA231201.csproj", "{37734FE5-94B1-4C8E-955B-D4634F22178D}"
EndProject
Global
	GlobalSection(SolutionConfigurationPlatforms) = preSolution
		Debug|Any CPU = Debug|Any CPU
		Release|Any CPU = Release|Any CPU
	EndGlobalSection
	GlobalSection(ProjectConfigurationPlatforms) = postSolution
		{37734FE5-94B1-4C8E-955B-D4634F22178D}.Debug|Any CPU.ActiveCfg = Debug|Any CPU
		{37734FE5-94B1-4C8E-955B-D4634F22178D}.Debug|Any CPU.Build.0 = Debug|Any CPU
		{37734FE5-94B1-4C8E-955B-D4634F22178D}.Release|Any CPU.ActiveCfg = Release|Any CPU
		{37734FE5-94B1-4C8E-955B-D4634F22178D}.Release|Any CPU.Build.0 = Release|Any CPU
	EndGlobalSection
	GlobalSection(SolutionProperties) = preSolution
		HideSolutionNode = FALSE
	EndGlobalSection
	GlobalSection(ExtensibilityGlobals) = postSolution
		SolutionGuid = {C5DDD6B6-3305-4F5B-B20D-3B9E04D0A9D6}
	EndGlobalSection
EndGlobal
